
Microsoft Visual Studio Solution File, Format Version 12.00
# Visual Studio Version 17
VisualStudioVersion = 17.2.32630.192
MinimumVisualStudioVersion = 10.0.40219.1
Project("{8BC9CEB8-8B4A-11D0-8D11-00A0C91BC942}") = "map", "map\map.vcxproj", "{77C82A7A-7937-4ACC-9A7E-EEE01522AF9A}"
EndProject
Global
	GlobalSection(SolutionConfigurationPlatforms) = preSolution
		Debug|x64 = Debug|x64
		Debug|x86 = Debug|x86
		Release|x64 = Release|x64
		Release|x86 = Release|x86
	EndGlobalSection
	GlobalSection(ProjectConfigurationPlatforms) = postSolution
		{77C82A7A-7937-4ACC-9A7E-EEE01522AF9A}.Debug|x64.ActiveCfg = Debug|x64
		{77C82A7A-7937-4ACC-9A7E-EEE01522AF9A}.Debug|x64.Build.0 = Debug|x64
		{77C82A7A-7937-4ACC-9A7E-EEE01522AF9A}.Debug|x86.ActiveCfg = Debug|Win32
		{77C82A7A-7937-4ACC-9A7E-EEE01522AF9A}.Debug|x86.Build.0 = Debug|Win32
		{77C82A7A-7937-4ACC-9A7E-EEE01522AF9A}.Release|x64.ActiveCfg = Release|x64
		{77C82A7A-7937-4ACC-9A7E-EEE01522AF9A}.Release|x64.Build.0 = Release|x64
		{77C82A7A-7937-4ACC-9A7E-EEE01522AF9A}.Release|x86.ActiveCfg = Release|Win32
		{77C82A7A-7937-4ACC-9A7E-EEE01522AF9A}.Release|x86.Build.0 = Release|Win32
	EndGlobalSection
	GlobalSection(SolutionProperties) = preSolution
		HideSolutionNode = FALSE
	EndGlobalSection
	GlobalSection(ExtensibilityGlobals) = postSolution
		SolutionGuid = {39C50307-3854-4D46-AFA6-DA3DB8E3CFBD}
	EndGlobalSection
EndGlobal
